
Microsoft Visual Studio Solution File, Format Version 12.00
# Visual Studio Version 16
VisualStudioVersion = 16.0.31424.327
MinimumVisualStudioVersion = 10.0.40219.1
Project("{FAE04EC0-301F-11D3-BF4B-00C04F79EFBC}") = "Persona", "Persona\Persona.csproj", "{7544850D-43AE-491D-A83A-C7D6DFDB2628}"
EndProject
Global
	GlobalSection(SolutionConfigurationPlatforms) = preSolution
		Debug|Any CPU = Debug|Any CPU
		Release|Any CPU = Release|Any CPU
	EndGlobalSection
	GlobalSection(ProjectConfigurationPlatforms) = postSolution
		{7544850D-43AE-491D-A83A-C7D6DFDB2628}.Debug|Any CPU.ActiveCfg = Debug|Any CPU
		{7544850D-43AE-491D-A83A-C7D6DFDB2628}.Debug|Any CPU.Build.0 = Debug|Any CPU
		{7544850D-43AE-491D-A83A-C7D6DFDB2628}.Release|Any CPU.ActiveCfg = Release|Any CPU
		{7544850D-43AE-491D-A83A-C7D6DFDB2628}.Release|Any CPU.Build.0 = Release|Any CPU
	EndGlobalSection
	GlobalSection(SolutionProperties) = preSolution
		HideSolutionNode = FALSE
	EndGlobalSection
	GlobalSection(ExtensibilityGlobals) = postSolution
		SolutionGuid = {A7A520BE-8FC3-4C89-816E-A4B00812368D}
	EndGlobalSection
EndGlobal
